// !$*UTF8*$!
{
	archiveVersion = 1;
	classes = {
	};
	objectVersion = 77;
	objects = {

/* Begin PBXContainerItemProxy section */
		C89E9F172D40B2D0000F0E9C /* PBXContainerItemProxy */ = {
			isa = PBXContainerItemProxy;
			containerPortal = C89E9EFE2D40B2CF000F0E9C /* Project object */;
			proxyType = 1;
			remoteGlobalIDString = C89E9F052D40B2CF000F0E9C;
			remoteInfo = sf_symbols_basic_ui;
		};
		C89E9F212D40B2D0000F0E9C /* PBXContainerItemProxy */ = {
			isa = PBXContainerItemProxy;
			containerPortal = C89E9EFE2D40B2CF000F0E9C /* Project object */;
			proxyType = 1;
			remoteGlobalIDString = C89E9F052D40B2CF000F0E9C;
			remoteInfo = sf_symbols_basic_ui;
		};
/* End PBXContainerItemProxy section */

/* Begin PBXFileReference section */
		C89E9F062D40B2CF000F0E9C /* sf_symbols_basic_ui.app */ = {isa = PBXFileReference; explicitFileType = wrapper.application; includeInIndex = 0; path = sf_symbols_basic_ui.app; sourceTree = BUILT_PRODUCTS_DIR; };
		C89E9F162D40B2D0000F0E9C /* sf_symbols_basic_uiTests.xctest */ = {isa = PBXFileReference; explicitFileType = wrapper.cfbundle; includeInIndex = 0; path = sf_symbols_basic_uiTests.xctest; sourceTree = BUILT_PRODUCTS_DIR; };
		C89E9F202D40B2D0000F0E9C /* sf_symbols_basic_uiUITests.xctest */ = {isa = PBXFileReference; explicitFileType = wrapper.cfbundle; includeInIndex = 0; path = sf_symbols_basic_uiUITests.xctest; sourceTree = BUILT_PRODUCTS_DIR; };
/* End PBXFileReference section */

/* Begin PBXFileSystemSynchronizedRootGroup section */
		C89E9F082D40B2CF000F0E9C /* sf_symbols_basic_ui */ = {
			isa = PBXFileSystemSynchronizedRootGroup;
			path = sf_symbols_basic_ui;
			sourceTree = "<group>";
		};
		C89E9F192D40B2D0000F0E9C /* sf_symbols_basic_uiTests */ = {
			isa = PBXFileSystemSynchronizedRootGroup;
			path = sf_symbols_basic_uiTests;
			sourceTree = "<group>";
		};
		C89E9F232D40B2D0000F0E9C /* sf_symbols_basic_uiUITests */ = {
			isa = PBXFileSystemSynchronizedRootGroup;
			path = sf_symbols_basic_uiUITests;
			sourceTree = "<group>";
		};
/* End PBXFileSystemSynchronizedRootGroup section */

/* Begin PBXFrameworksBuildPhase section */
		C89E9F032D40B2CF000F0E9C /* Frameworks */ = {
			isa = PBXFrameworksBuildPhase;
			buildActionMask = 2147483647;
			files = (
			);
			runOnlyForDeploymentPostprocessing = 0;
		};
		C89E9F132D40B2D0000F0E9C /* Frameworks */ = {
			isa = PBXFrameworksBuildPhase;
			buildActionMask = 2147483647;
			files = (
			);
			runOnlyForDeploymentPostprocessing = 0;
		};
		C89E9F1D2D40B2D0000F0E9C /* Frameworks */ = {
			isa = PBXFrameworksBuildPhase;
			buildActionMask = 2147483647;
			files = (
			);
			runOnlyForDeploymentPostprocessing = 0;
		};
/* End PBXFrameworksBuildPhase section */

/* Begin PBXGroup section */
		C89E9EFD2D40B2CF000F0E9C = {
			isa = PBXGroup;
			children = (
				C89E9F082D40B2CF000F0E9C /* sf_symbols_basic_ui */,
				C89E9F192D40B2D0000F0E9C /* sf_symbols_basic_uiTests */,
				C89E9F232D40B2D0000F0E9C /* sf_symbols_basic_uiUITests */,
				C89E9F072D40B2CF000F0E9C /* Products */,
			);
			sourceTree = "<group>";
		};
		C89E9F072D40B2CF000F0E9C /* Products */ = {
			isa = PBXGroup;
			children = (
				C89E9F062D40B2CF000F0E9C /* sf_symbols_basic_ui.app */,
				C89E9F162D40B2D0000F0E9C /* sf_symbols_basic_uiTests.xctest */,
				C89E9F202D40B2D0000F0E9C /* sf_symbols_basic_uiUITests.xctest */,
			);
			name = Products;
			sourceTree = "<group>";
		};
/* End PBXGroup section */

/* Begin PBXNativeTarget section */
		C89E9F052D40B2CF000F0E9C /* sf_symbols_basic_ui */ = {
			isa = PBXNativeTarget;
			buildConfigurationList = C89E9F2A2D40B2D0000F0E9C /* Build configuration list for PBXNativeTarget "sf_symbols_basic_ui" */;
			buildPhases = (
				C89E9F022D40B2CF000F0E9C /* Sources */,
				C89E9F032D40B2CF000F0E9C /* Frameworks */,
				C89E9F042D40B2CF000F0E9C /* Resources */,
			);
			buildRules = (
			);
			dependencies = (
			);
			fileSystemSynchronizedGroups = (
				C89E9F082D40B2CF000F0E9C /* sf_symbols_basic_ui */,
			);
			name = sf_symbols_basic_ui;
			packageProductDependencies = (
			);
			productName = sf_symbols_basic_ui;
			productReference = C89E9F062D40B2CF000F0E9C /* sf_symbols_basic_ui.app */;
			productType = "com.apple.product-type.application";
		};
		C89E9F152D40B2D0000F0E9C /* sf_symbols_basic_uiTests */ = {
			isa = PBXNativeTarget;
			buildConfigurationList = C89E9F2D2D40B2D0000F0E9C /* Build configuration list for PBXNativeTarget "sf_symbols_basic_uiTests" */;
			buildPhases = (
				C89E9F122D40B2D0000F0E9C /* Sources */,
				C89E9F132D40B2D0000F0E9C /* Frameworks */,
				C89E9F142D40B2D0000F0E9C /* Resources */,
			);
			buildRules = (
			);
			dependencies = (
				C89E9F182D40B2D0000F0E9C /* PBXTargetDependency */,
			);
			fileSystemSynchronizedGroups = (
				C89E9F192D40B2D0000F0E9C /* sf_symbols_basic_uiTests */,
			);
			name = sf_symbols_basic_uiTests;
			packageProductDependencies = (
			);
			productName = sf_symbols_basic_uiTests;
			productReference = C89E9F162D40B2D0000F0E9C /* sf_symbols_basic_uiTests.xctest */;
			productType = "com.apple.product-type.bundle.unit-test";
		};
		C89E9F1F2D40B2D0000F0E9C /* sf_symbols_basic_uiUITests */ = {
			isa = PBXNativeTarget;
			buildConfigurationList = C89E9F302D40B2D0000F0E9C /* Build configuration list for PBXNativeTarget "sf_symbols_basic_uiUITests" */;
			buildPhases = (
				C89E9F1C2D40B2D0000F0E9C /* Sources */,
				C89E9F1D2D40B2D0000F0E9C /* Frameworks */,
				C89E9F1E2D40B2D0000F0E9C /* Resources */,
			);
			buildRules = (
			);
			dependencies = (
				C89E9F222D40B2D0000F0E9C /* PBXTargetDependency */,
			);
			fileSystemSynchronizedGroups = (
				C89E9F232D40B2D0000F0E9C /* sf_symbols_basic_uiUITests */,
			);
			name = sf_symbols_basic_uiUITests;
			packageProductDependencies = (
			);
			productName = sf_symbols_basic_uiUITests;
			productReference = C89E9F202D40B2D0000F0E9C /* sf_symbols_basic_uiUITests.xctest */;
			productType = "com.apple.product-type.bundle.ui-testing";
		};
/* End PBXNativeTarget section */

/* Begin PBXProject section */
		C89E9EFE2D40B2CF000F0E9C /* Project object */ = {
			isa = PBXProject;
			attributes = {
				BuildIndependentTargetsInParallel = 1;
				LastSwiftUpdateCheck = 1620;
				LastUpgradeCheck = 1620;
				TargetAttributes = {
					C89E9F052D40B2CF000F0E9C = {
						CreatedOnToolsVersion = 16.2;
					};
					C89E9F152D40B2D0000F0E9C = {
						CreatedOnToolsVersion = 16.2;
						TestTargetID = C89E9F052D40B2CF000F0E9C;
					};
					C89E9F1F2D40B2D0000F0E9C = {
						CreatedOnToolsVersion = 16.2;
						TestTargetID = C89E9F052D40B2CF000F0E9C;
					};
				};
			};
			buildConfigurationList = C89E9F012D40B2CF000F0E9C /* Build configuration list for PBXProject "sf_symbols_basic_ui" */;
			developmentRegion = en;
			hasScannedForEncodings = 0;
			knownRegions = (
				en,
				Base,
			);
			mainGroup = C89E9EFD2D40B2CF000F0E9C;
			minimizedProjectReferenceProxies = 1;
			preferredProjectObjectVersion = 77;
			productRefGroup = C89E9F072D40B2CF000F0E9C /* Products */;
			projectDirPath = "";
			projectRoot = "";
			targets = (
				C89E9F052D40B2CF000F0E9C /* sf_symbols_basic_ui */,
				C89E9F152D40B2D0000F0E9C /* sf_symbols_basic_uiTests */,
				C89E9F1F2D40B2D0000F0E9C /* sf_symbols_basic_uiUITests */,
			);
		};
/* End PBXProject section */

/* Begin PBXResourcesBuildPhase section */
		C89E9F042D40B2CF000F0E9C /* Resources */ = {
			isa = PBXResourcesBuildPhase;
			buildActionMask = 2147483647;
			files = (
			);
			runOnlyForDeploymentPostprocessing = 0;
		};
		C89E9F142D40B2D0000F0E9C /* Resources */ = {
			isa = PBXResourcesBuildPhase;
			buildActionMask = 2147483647;
			files = (
			);
			runOnlyForDeploymentPostprocessing = 0;
		};
		C89E9F1E2D40B2D0000F0E9C /* Resources */ = {
			isa = PBXResourcesBuildPhase;
			buildActionMask = 2147483647;
			files = (
			);
			runOnlyForDeploymentPostprocessing = 0;
		};
/* End PBXResourcesBuildPhase section */

/* Begin PBXSourcesBuildPhase section */
		C89E9F022D40B2CF000F0E9C /* Sources */ = {
			isa = PBXSourcesBuildPhase;
			buildActionMask = 2147483647;
			files = (
			);
			runOnlyForDeploymentPostprocessing = 0;
		};
		C89E9F122D40B2D0000F0E9C /* Sources */ = {
			isa = PBXSourcesBuildPhase;
			buildActionMask = 2147483647;
			files = (
			);
			runOnlyForDeploymentPostprocessing = 0;
		};
		C89E9F1C2D40B2D0000F0E9C /* Sources */ = {
			isa = PBXSourcesBuildPhase;
			buildActionMask = 2147483647;
			files = (
			);
			runOnlyForDeploymentPostprocessing = 0;
		};
/* End PBXSourcesBuildPhase section */

/* Begin PBXTargetDependency section */
		C89E9F182D40B2D0000F0E9C /* PBXTargetDependency */ = {
			isa = PBXTargetDependency;
			target = C89E9F052D40B2CF000F0E9C /* sf_symbols_basic_ui */;
			targetProxy = C89E9F172D40B2D0000F0E9C /* PBXContainerItemProxy */;
		};
		C89E9F222D40B2D0000F0E9C /* PBXTargetDependency */ = {
			isa = PBXTargetDependency;
			target = C89E9F052D40B2CF000F0E9C /* sf_symbols_basic_ui */;
			targetProxy = C89E9F212D40B2D0000F0E9C /* PBXContainerItemProxy */;
		};
/* End PBXTargetDependency section */

/* Begin XCBuildConfiguration section */
		C89E9F282D40B2D0000F0E9C /* Debug */ = {
			isa = XCBuildConfiguration;
			buildSettings = {
				ALWAYS_SEARCH_USER_PATHS = NO;
				ASSETCATALOG_COMPILER_GENERATE_SWIFT_ASSET_SYMBOL_EXTENSIONS = YES;
				CLANG_ANALYZER_NONNULL = YES;
				CLANG_ANALYZER_NUMBER_OBJECT_CONVERSION = YES_AGGRESSIVE;
				CLANG_CXX_LANGUAGE_STANDARD = "gnu++20";
				CLANG_ENABLE_MODULES = YES;
				CLANG_ENABLE_OBJC_ARC = YES;
				CLANG_ENABLE_OBJC_WEAK = YES;
				CLANG_WARN_BLOCK_CAPTURE_AUTORELEASING = YES;
				CLANG_WARN_BOOL_CONVERSION = YES;
				CLANG_WARN_COMMA = YES;
				CLANG_WARN_CONSTANT_CONVERSION = YES;
				CLANG_WARN_DEPRECATED_OBJC_IMPLEMENTATIONS = YES;
				CLANG_WARN_DIRECT_OBJC_ISA_USAGE = YES_ERROR;
				CLANG_WARN_DOCUMENTATION_COMMENTS = YES;
				CLANG_WARN_EMPTY_BODY = YES;
				CLANG_WARN_ENUM_CONVERSION = YES;
				CLANG_WARN_INFINITE_RECURSION = YES;
				CLANG_WARN_INT_CONVERSION = YES;
				CLANG_WARN_NON_LITERAL_NULL_CONVERSION = YES;
				CLANG_WARN_OBJC_IMPLICIT_RETAIN_SELF = YES;
				CLANG_WARN_OBJC_LITERAL_CONVERSION = YES;
				CLANG_WARN_OBJC_ROOT_CLASS = YES_ERROR;
				CLANG_WARN_QUOTED_INCLUDE_IN_FRAMEWORK_HEADER = YES;
				CLANG_WARN_RANGE_LOOP_ANALYSIS = YES;
				CLANG_WARN_STRICT_PROTOTYPES = YES;
				CLANG_WARN_SUSPICIOUS_MOVE = YES;
				CLANG_WARN_UNGUARDED_AVAILABILITY = YES_AGGRESSIVE;
				CLANG_WARN_UNREACHABLE_CODE = YES;
				CLANG_WARN__DUPLICATE_METHOD_MATCH = YES;
				COPY_PHASE_STRIP = NO;
				DEBUG_INFORMATION_FORMAT = dwarf;
				ENABLE_STRICT_OBJC_MSGSEND = YES;
				ENABLE_TESTABILITY = YES;
				ENABLE_USER_SCRIPT_SANDBOXING = YES;
				GCC_C_LANGUAGE_STANDARD = gnu17;
				GCC_DYNAMIC_NO_PIC = NO;
				GCC_NO_COMMON_BLOCKS = YES;
				GCC_OPTIMIZATION_LEVEL = 0;
				GCC_PREPROCESSOR_DEFINITIONS = (
					"DEBUG=1",
					"$(inherited)",
				);
				GCC_WARN_64_TO_32_BIT_CONVERSION = YES;
				GCC_WARN_ABOUT_RETURN_TYPE = YES_ERROR;
				GCC_WARN_UNDECLARED_SELECTOR = YES;
				GCC_WARN_UNINITIALIZED_AUTOS = YES_AGGRESSIVE;
				GCC_WARN_UNUSED_FUNCTION = YES;
				GCC_WARN_UNUSED_VARIABLE = YES;
				IPHONEOS_DEPLOYMENT_TARGET = 18.2;
				LOCALIZATION_PREFERS_STRING_CATALOGS = YES;
				MTL_ENABLE_DEBUG_INFO = INCLUDE_SOURCE;
				MTL_FAST_MATH = YES;
				ONLY_ACTIVE_ARCH = YES;
				SDKROOT = iphoneos;
				SWIFT_ACTIVE_COMPILATION_CONDITIONS = "DEBUG $(inherited)";
				SWIFT_OPTIMIZATION_LEVEL = "-Onone";
			};
			name = Debug;
		};
		C89E9F292D40B2D0000F0E9C /* Release */ = {
			isa = XCBuildConfiguration;
			buildSettings = {
				ALWAYS_SEARCH_USER_PATHS = NO;
				ASSETCATALOG_COMPILER_GENERATE_SWIFT_ASSET_SYMBOL_EXTENSIONS = YES;
				CLANG_ANALYZER_NONNULL = YES;
				CLANG_ANALYZER_NUMBER_OBJECT_CONVERSION = YES_AGGRESSIVE;
				CLANG_CXX_LANGUAGE_STANDARD = "gnu++20";
				CLANG_ENABLE_MODULES = YES;
				CLANG_ENABLE_OBJC_ARC = YES;
				CLANG_ENABLE_OBJC_WEAK = YES;
				CLANG_WARN_BLOCK_CAPTURE_AUTORELEASING = YES;
				CLANG_WARN_BOOL_CONVERSION = YES;
				CLANG_WARN_COMMA = YES;
				CLANG_WARN_CONSTANT_CONVERSION = YES;
				CLANG_WARN_DEPRECATED_OBJC_IMPLEMENTATIONS = YES;
				CLANG_WARN_DIRECT_OBJC_ISA_USAGE = YES_ERROR;
				CLANG_WARN_DOCUMENTATION_COMMENTS = YES;
				CLANG_WARN_EMPTY_BODY = YES;
				CLANG_WARN_ENUM_CONVERSION = YES;
				CLANG_WARN_INFINITE_RECURSION = YES;
				CLANG_WARN_INT_CONVERSION = YES;
				CLANG_WARN_NON_LITERAL_NULL_CONVERSION = YES;
				CLANG_WARN_OBJC_IMPLICIT_RETAIN_SELF = YES;
				CLANG_WARN_OBJC_LITERAL_CONVERSION = YES;
				CLANG_WARN_OBJC_ROOT_CLASS = YES_ERROR;
				CLANG_WARN_QUOTED_INCLUDE_IN_FRAMEWORK_HEADER = YES;
				CLANG_WARN_RANGE_LOOP_ANALYSIS = YES;
				CLANG_WARN_STRICT_PROTOTYPES = YES;
				CLANG_WARN_SUSPICIOUS_MOVE = YES;
				CLANG_WARN_UNGUARDED_AVAILABILITY = YES_AGGRESSIVE;
				CLANG_WARN_UNREACHABLE_CODE = YES;
				CLANG_WARN__DUPLICATE_METHOD_MATCH = YES;
				COPY_PHASE_STRIP = NO;
				DEBUG_INFORMATION_FORMAT = "dwarf-with-dsym";
				ENABLE_NS_ASSERTIONS = NO;
				ENABLE_STRICT_OBJC_MSGSEND = YES;
				ENABLE_USER_SCRIPT_SANDBOXING = YES;
				GCC_C_LANGUAGE_STANDARD = gnu17;
				GCC_NO_COMMON_BLOCKS = YES;
				GCC_WARN_64_TO_32_BIT_CONVERSION = YES;
				GCC_WARN_ABOUT_RETURN_TYPE = YES_ERROR;
				GCC_WARN_UNDECLARED_SELECTOR = YES;
				GCC_WARN_UNINITIALIZED_AUTOS = YES_AGGRESSIVE;
				GCC_WARN_UNUSED_FUNCTION = YES;
				GCC_WARN_UNUSED_VARIABLE = YES;
				IPHONEOS_DEPLOYMENT_TARGET = 18.2;
				LOCALIZATION_PREFERS_STRING_CATALOGS = YES;
				MTL_ENABLE_DEBUG_INFO = NO;
				MTL_FAST_MATH = YES;
				SDKROOT = iphoneos;
				SWIFT_COMPILATION_MODE = wholemodule;
				VALIDATE_PRODUCT = YES;
			};
			name = Release;
		};
		C89E9F2B2D40B2D0000F0E9C /* Debug */ = {
			isa = XCBuildConfiguration;
			buildSettings = {
				ASSETCATALOG_COMPILER_APPICON_NAME = AppIcon;
				ASSETCATALOG_COMPILER_GLOBAL_ACCENT_COLOR_NAME = AccentColor;
				CODE_SIGN_STYLE = Automatic;
				CURRENT_PROJECT_VERSION = 1;
				DEVELOPMENT_ASSET_PATHS = "\"sf_symbols_basic_ui/Preview Content\"";
				DEVELOPMENT_TEAM = 62CN6X3LZ7;
				ENABLE_PREVIEWS = YES;
				GENERATE_INFOPLIST_FILE = YES;
				INFOPLIST_KEY_UIApplicationSceneManifest_Generation = YES;
				INFOPLIST_KEY_UIApplicationSupportsIndirectInputEvents = YES;
				INFOPLIST_KEY_UILaunchScreen_Generation = YES;
				INFOPLIST_KEY_UISupportedInterfaceOrientations_iPad = "UIInterfaceOrientationPortrait UIInterfaceOrientationPortraitUpsideDown UIInterfaceOrientationLandscapeLeft UIInterfaceOrientationLandscapeRight";
				INFOPLIST_KEY_UISupportedInterfaceOrientations_iPhone = "UIInterfaceOrientationPortrait UIInterfaceOrientationLandscapeLeft UIInterfaceOrientationLandscapeRight";
				LD_RUNPATH_SEARCH_PATHS = (
					"$(inherited)",
					"@executable_path/Frameworks",
				);
				MARKETING_VERSION = 1.0;
				PRODUCT_BUNDLE_IDENTIFIER = "amos.sf-symbols-basic-ui";
				PRODUCT_NAME = "$(TARGET_NAME)";
				SWIFT_EMIT_LOC_STRINGS = YES;
				SWIFT_VERSION = 5.0;
				TARGETED_DEVICE_FAMILY = "1,2";
			};
			name = Debug;
		};
		C89E9F2C2D40B2D0000F0E9C /* Release */ = {
			isa = XCBuildConfiguration;
			buildSettings = {
				ASSETCATALOG_COMPILER_APPICON_NAME = AppIcon;
				ASSETCATALOG_COMPILER_GLOBAL_ACCENT_COLOR_NAME = AccentColor;
				CODE_SIGN_STYLE = Automatic;
				CURRENT_PROJECT_VERSION = 1;
				DEVELOPMENT_ASSET_PATHS = "\"sf_symbols_basic_ui/Preview Content\"";
				DEVELOPMENT_TEAM = 62CN6X3LZ7;
				ENABLE_PREVIEWS = YES;
				GENERATE_INFOPLIST_FILE = YES;
				INFOPLIST_KEY_UIApplicationSceneManifest_Generation = YES;
				INFOPLIST_KEY_UIApplicationSupportsIndirectInputEvents = YES;
				INFOPLIST_KEY_UILaunchScreen_Generation = YES;
				INFOPLIST_KEY_UISupportedInterfaceOrientations_iPad = "UIInterfaceOrientationPortrait UIInterfaceOrientationPortraitUpsideDown UIInterfaceOrientationLandscapeLeft UIInterfaceOrientationLandscapeRight";
				INFOPLIST_KEY_UISupportedInterfaceOrientations_iPhone = "UIInterfaceOrientationPortrait UIInterfaceOrientationLandscapeLeft UIInterfaceOrientationLandscapeRight";
				LD_RUNPATH_SEARCH_PATHS = (
					"$(inherited)",
					"@executable_path/Frameworks",
				);
				MARKETING_VERSION = 1.0;
				PRODUCT_BUNDLE_IDENTIFIER = "amos.sf-symbols-basic-ui";
				PRODUCT_NAME = "$(TARGET_NAME)";
				SWIFT_EMIT_LOC_STRINGS = YES;
				SWIFT_VERSION = 5.0;
				TARGETED_DEVICE_FAMILY = "1,2";
			};
			name = Release;
		};
		C89E9F2E2D40B2D0000F0E9C /* Debug */ = {
			isa = XCBuildConfiguration;
			buildSettings = {
				BUNDLE_LOADER = "$(TEST_HOST)";
				CODE_SIGN_STYLE = Automatic;
				CURRENT_PROJECT_VERSION = 1;
				DEVELOPMENT_TEAM = 62CN6X3LZ7;
				GENERATE_INFOPLIST_FILE = YES;
				IPHONEOS_DEPLOYMENT_TARGET = 18.2;
				MARKETING_VERSION = 1.0;
				PRODUCT_BUNDLE_IDENTIFIER = "amos.sf-symbols-basic-uiTests";
				PRODUCT_NAME = "$(TARGET_NAME)";
				SWIFT_EMIT_LOC_STRINGS = NO;
				SWIFT_VERSION = 5.0;
				TARGETED_DEVICE_FAMILY = "1,2";
				TEST_HOST = "$(BUILT_PRODUCTS_DIR)/sf_symbols_basic_ui.app/$(BUNDLE_EXECUTABLE_FOLDER_PATH)/sf_symbols_basic_ui";
			};
			name = Debug;
		};
		C89E9F2F2D40B2D0000F0E9C /* Release */ = {
			isa = XCBuildConfiguration;
			buildSettings = {
				BUNDLE_LOADER = "$(TEST_HOST)";
				CODE_SIGN_STYLE = Automatic;
				CURRENT_PROJECT_VERSION = 1;
				DEVELOPMENT_TEAM = 62CN6X3LZ7;
				GENERATE_INFOPLIST_FILE = YES;
				IPHONEOS_DEPLOYMENT_TARGET = 18.2;
				MARKETING_VERSION = 1.0;
				PRODUCT_BUNDLE_IDENTIFIER = "amos.sf-symbols-basic-uiTests";
				PRODUCT_NAME = "$(TARGET_NAME)";
				SWIFT_EMIT_LOC_STRINGS = NO;
				SWIFT_VERSION = 5.0;
				TARGETED_DEVICE_FAMILY = "1,2";
				TEST_HOST = "$(BUILT_PRODUCTS_DIR)/sf_symbols_basic_ui.app/$(BUNDLE_EXECUTABLE_FOLDER_PATH)/sf_symbols_basic_ui";
			};
			name = Release;
		};
		C89E9F312D40B2D0000F0E9C /* Debug */ = {
			isa = XCBuildConfiguration;
			buildSettings = {
				CODE_SIGN_STYLE = Automatic;
				CURRENT_PROJECT_VERSION = 1;
				DEVELOPMENT_TEAM = 62CN6X3LZ7;
				GENERATE_INFOPLIST_FILE = YES;
				MARKETING_VERSION = 1.0;
				PRODUCT_BUNDLE_IDENTIFIER = "amos.sf-symbols-basic-uiUITests";
				PRODUCT_NAME = "$(TARGET_NAME)";
				SWIFT_EMIT_LOC_STRINGS = NO;
				SWIFT_VERSION = 5.0;
				TARGETED_DEVICE_FAMILY = "1,2";
				TEST_TARGET_NAME = sf_symbols_basic_ui;
			};
			name = Debug;
		};
		C89E9F322D40B2D0000F0E9C /* Release */ = {
			isa = XCBuildConfiguration;
			buildSettings = {
				CODE_SIGN_STYLE = Automatic;
				CURRENT_PROJECT_VERSION = 1;
				DEVELOPMENT_TEAM = 62CN6X3LZ7;
				GENERATE_INFOPLIST_FILE = YES;
				MARKETING_VERSION = 1.0;
				PRODUCT_BUNDLE_IDENTIFIER = "amos.sf-symbols-basic-uiUITests";
				PRODUCT_NAME = "$(TARGET_NAME)";
				SWIFT_EMIT_LOC_STRINGS = NO;
				SWIFT_VERSION = 5.0;
				TARGETED_DEVICE_FAMILY = "1,2";
				TEST_TARGET_NAME = sf_symbols_basic_ui;
			};
			name = Release;
		};
/* End XCBuildConfiguration section */

/* Begin XCConfigurationList section */
		C89E9F012D40B2CF000F0E9C /* Build configuration list for PBXProject "sf_symbols_basic_ui" */ = {
			isa = XCConfigurationList;
			buildConfigurations = (
				C89E9F282D40B2D0000F0E9C /* Debug */,
				C89E9F292D40B2D0000F0E9C /* Release */,
			);
			defaultConfigurationIsVisible = 0;
			defaultConfigurationName = Release;
		};
		C89E9F2A2D40B2D0000F0E9C /* Build configuration list for PBXNativeTarget "sf_symbols_basic_ui" */ = {
			isa = XCConfigurationList;
			buildConfigurations = (
				C89E9F2B2D40B2D0000F0E9C /* Debug */,
				C89E9F2C2D40B2D0000F0E9C /* Release */,
			);
			defaultConfigurationIsVisible = 0;
			defaultConfigurationName = Release;
		};
		C89E9F2D2D40B2D0000F0E9C /* Build configuration list for PBXNativeTarget "sf_symbols_basic_uiTests" */ = {
			isa = XCConfigurationList;
			buildConfigurations = (
				C89E9F2E2D40B2D0000F0E9C /* Debug */,
				C89E9F2F2D40B2D0000F0E9C /* Release */,
			);
			defaultConfigurationIsVisible = 0;
			defaultConfigurationName = Release;
		};
		C89E9F302D40B2D0000F0E9C /* Build configuration list for PBXNativeTarget "sf_symbols_basic_uiUITests" */ = {
			isa = XCConfigurationList;
			buildConfigurations = (
				C89E9F312D40B2D0000F0E9C /* Debug */,
				C89E9F322D40B2D0000F0E9C /* Release */,
			);
			defaultConfigurationIsVisible = 0;
			defaultConfigurationName = Release;
		};
/* End XCConfigurationList section */
	};
	rootObject = C89E9EFE2D40B2CF000F0E9C /* Project object */;
}
